
Microsoft Visual Studio Solution File, Format Version 12.00
# Visual Studio 14
VisualStudioVersion = 14.0.25420.1
MinimumVisualStudioVersion = 10.0.40219.1
Project("{FAE04EC0-301F-11D3-BF4B-00C04F79EFBC}") = "bookofhonour", "library\bookofhonour.csproj", "{AB211FA6-F4AB-416D-BC5B-BE3FB418C0FD}"
EndProject
Project("{FAE04EC0-301F-11D3-BF4B-00C04F79EFBC}") = "MyClassesLibrary", "MyClassesLibrary\MyClassesLibrary.csproj", "{E5AFEF97-9C8F-4A71-92E9-AF1266E42050}"
EndProject
Global
	GlobalSection(SolutionConfigurationPlatforms) = preSolution
		Debug|Any CPU = Debug|Any CPU
		Release|Any CPU = Release|Any CPU
	EndGlobalSection
	GlobalSection(ProjectConfigurationPlatforms) = postSolution
		{AB211FA6-F4AB-416D-BC5B-BE3FB418C0FD}.Debug|Any CPU.ActiveCfg = Debug|Any CPU
		{AB211FA6-F4AB-416D-BC5B-BE3FB418C0FD}.Debug|Any CPU.Build.0 = Debug|Any CPU
		{AB211FA6-F4AB-416D-BC5B-BE3FB418C0FD}.Release|Any CPU.ActiveCfg = Release|Any CPU
		{AB211FA6-F4AB-416D-BC5B-BE3FB418C0FD}.Release|Any CPU.Build.0 = Release|Any CPU
		{E5AFEF97-9C8F-4A71-92E9-AF1266E42050}.Debug|Any CPU.ActiveCfg = Debug|Any CPU
		{E5AFEF97-9C8F-4A71-92E9-AF1266E42050}.Debug|Any CPU.Build.0 = Debug|Any CPU
		{E5AFEF97-9C8F-4A71-92E9-AF1266E42050}.Release|Any CPU.ActiveCfg = Release|Any CPU
		{E5AFEF97-9C8F-4A71-92E9-AF1266E42050}.Release|Any CPU.Build.0 = Release|Any CPU
	EndGlobalSection
	GlobalSection(SolutionProperties) = preSolution
		HideSolutionNode = FALSE
	EndGlobalSection
	GlobalSection(ExtensibilityGlobals) = postSolution
		SolutionGuid = {29EC356A-5CDD-4983-94E9-DA96B6BA2C09}
	EndGlobalSection
EndGlobal
